
Microsoft Visual Studio Solution File, Format Version 12.00
# Visual Studio Version 16
VisualStudioVersion = 16.0.31702.278
MinimumVisualStudioVersion = 10.0.40219.1
Project("{FAE04EC0-301F-11D3-BF4B-00C04F79EFBC}") = "Benjmain_Pillay", "Benjmain_Pillay\Benjmain_Pillay.csproj", "{0E573E7A-861F-4FAA-9667-BCF2CFB3D576}"
EndProject
Global
	GlobalSection(SolutionConfigurationPlatforms) = preSolution
		Debug|Any CPU = Debug|Any CPU
		Release|Any CPU = Release|Any CPU
	EndGlobalSection
	GlobalSection(ProjectConfigurationPlatforms) = postSolution
		{0E573E7A-861F-4FAA-9667-BCF2CFB3D576}.Debug|Any CPU.ActiveCfg = Debug|Any CPU
		{0E573E7A-861F-4FAA-9667-BCF2CFB3D576}.Debug|Any CPU.Build.0 = Debug|Any CPU
		{0E573E7A-861F-4FAA-9667-BCF2CFB3D576}.Release|Any CPU.ActiveCfg = Release|Any CPU
		{0E573E7A-861F-4FAA-9667-BCF2CFB3D576}.Release|Any CPU.Build.0 = Release|Any CPU
	EndGlobalSection
	GlobalSection(SolutionProperties) = preSolution
		HideSolutionNode = FALSE
	EndGlobalSection
	GlobalSection(ExtensibilityGlobals) = postSolution
		SolutionGuid = {0A1C2A50-4095-4711-99BA-73EB680393CD}
	EndGlobalSection
EndGlobal
